
Microsoft Visual Studio Solution File, Format Version 12.00
# Visual Studio Version 16
VisualStudioVersion = 16.0.31005.135
MinimumVisualStudioVersion = 10.0.40219.1
Project("{9A19103F-16F7-4668-BE54-9A1E7A4F7556}") = "CHI", "CHI\CHI.csproj", "{5100DE5F-513A-4296-8FCE-5ACEE0157B46}"
EndProject
Project("{9A19103F-16F7-4668-BE54-9A1E7A4F7556}") = "chi-cli", "chi-cli\chi-cli.csproj", "{BADFC6A9-076D-4EFF-A143-5EE99E86628E}"
EndProject
Global
	GlobalSection(SolutionConfigurationPlatforms) = preSolution
		Debug|Any CPU = Debug|Any CPU
		Release|Any CPU = Release|Any CPU
	EndGlobalSection
	GlobalSection(ProjectConfigurationPlatforms) = postSolution
		{5100DE5F-513A-4296-8FCE-5ACEE0157B46}.Debug|Any CPU.ActiveCfg = Debug|Any CPU
		{5100DE5F-513A-4296-8FCE-5ACEE0157B46}.Debug|Any CPU.Build.0 = Debug|Any CPU
		{5100DE5F-513A-4296-8FCE-5ACEE0157B46}.Release|Any CPU.ActiveCfg = Release|Any CPU
		{5100DE5F-513A-4296-8FCE-5ACEE0157B46}.Release|Any CPU.Build.0 = Release|Any CPU
		{BADFC6A9-076D-4EFF-A143-5EE99E86628E}.Debug|Any CPU.ActiveCfg = Debug|Any CPU
		{BADFC6A9-076D-4EFF-A143-5EE99E86628E}.Debug|Any CPU.Build.0 = Debug|Any CPU
		{BADFC6A9-076D-4EFF-A143-5EE99E86628E}.Release|Any CPU.ActiveCfg = Release|Any CPU
		{BADFC6A9-076D-4EFF-A143-5EE99E86628E}.Release|Any CPU.Build.0 = Release|Any CPU
	EndGlobalSection
	GlobalSection(SolutionProperties) = preSolution
		HideSolutionNode = FALSE
	EndGlobalSection
	GlobalSection(ExtensibilityGlobals) = postSolution
		SolutionGuid = {0E8AB10F-05B1-492A-9C4C-44358939F87A}
	EndGlobalSection
EndGlobal
